
Microsoft Visual Studio Solution File, Format Version 12.00
# Visual Studio Version 17
VisualStudioVersion = 17.14.36414.22 d17.14
MinimumVisualStudioVersion = 10.0.40219.1
Project("{FAE04EC0-301F-11D3-BF4B-00C04F79EFBC}") = "002", "002.csproj", "{478777BD-E914-41CF-AE4D-1B0048D02613}"
EndProject
Global
	GlobalSection(SolutionConfigurationPlatforms) = preSolution
		Debug|Any CPU = Debug|Any CPU
		Release|Any CPU = Release|Any CPU
	EndGlobalSection
	GlobalSection(ProjectConfigurationPlatforms) = postSolution
		{478777BD-E914-41CF-AE4D-1B0048D02613}.Debug|Any CPU.ActiveCfg = Debug|Any CPU
		{478777BD-E914-41CF-AE4D-1B0048D02613}.Debug|Any CPU.Build.0 = Debug|Any CPU
		{478777BD-E914-41CF-AE4D-1B0048D02613}.Release|Any CPU.ActiveCfg = Release|Any CPU
		{478777BD-E914-41CF-AE4D-1B0048D02613}.Release|Any CPU.Build.0 = Release|Any CPU
	EndGlobalSection
	GlobalSection(SolutionProperties) = preSolution
		HideSolutionNode = FALSE
	EndGlobalSection
	GlobalSection(ExtensibilityGlobals) = postSolution
		SolutionGuid = {6223BD1A-A43C-4B18-B82A-909812DEF0D3}
	EndGlobalSection
EndGlobal
